
Microsoft Visual Studio Solution File, Format Version 12.00
# Visual Studio Version 17
VisualStudioVersion = 17.10.35027.167
MinimumVisualStudioVersion = 10.0.40219.1
Project("{8BC9CEB8-8B4A-11D0-8D11-00A0C91BC942}") = "Sum of Even Numbers", "Sum of Even Numbers.vcxproj", "{2007C33D-9CE3-46CE-80B0-4969AA5B4C17}"
EndProject
Global
	GlobalSection(SolutionConfigurationPlatforms) = preSolution
		Debug|x64 = Debug|x64
		Debug|x86 = Debug|x86
		Release|x64 = Release|x64
		Release|x86 = Release|x86
	EndGlobalSection
	GlobalSection(ProjectConfigurationPlatforms) = postSolution
		{2007C33D-9CE3-46CE-80B0-4969AA5B4C17}.Debug|x64.ActiveCfg = Debug|x64
		{2007C33D-9CE3-46CE-80B0-4969AA5B4C17}.Debug|x64.Build.0 = Debug|x64
		{2007C33D-9CE3-46CE-80B0-4969AA5B4C17}.Debug|x86.ActiveCfg = Debug|Win32
		{2007C33D-9CE3-46CE-80B0-4969AA5B4C17}.Debug|x86.Build.0 = Debug|Win32
		{2007C33D-9CE3-46CE-80B0-4969AA5B4C17}.Release|x64.ActiveCfg = Release|x64
		{2007C33D-9CE3-46CE-80B0-4969AA5B4C17}.Release|x64.Build.0 = Release|x64
		{2007C33D-9CE3-46CE-80B0-4969AA5B4C17}.Release|x86.ActiveCfg = Release|Win32
		{2007C33D-9CE3-46CE-80B0-4969AA5B4C17}.Release|x86.Build.0 = Release|Win32
	EndGlobalSection
	GlobalSection(SolutionProperties) = preSolution
		HideSolutionNode = FALSE
	EndGlobalSection
	GlobalSection(ExtensibilityGlobals) = postSolution
		SolutionGuid = {3F46DC6D-5591-4BAD-913F-0796C3D73ADF}
	EndGlobalSection
EndGlobal
